
Microsoft Visual Studio Solution File, Format Version 12.00
# Visual Studio Version 16
VisualStudioVersion = 16.0.30907.101
MinimumVisualStudioVersion = 10.0.40219.1
Project("{9A19103F-16F7-4668-BE54-9A1E7A4F7556}") = "DataAccess", "DataAccess\DataAccess.csproj", "{0149E4B9-CC50-42C5-BDDA-846ACE0FC77E}"
EndProject
Project("{9A19103F-16F7-4668-BE54-9A1E7A4F7556}") = "Business", "Business\Business.csproj", "{E2C6C79A-B438-4745-B49D-8CA5121DFC6B}"
EndProject
Project("{9A19103F-16F7-4668-BE54-9A1E7A4F7556}") = "Entities", "Entities\Entities.csproj", "{64285C7F-B1D2-4C58-9303-96668A0D4A0F}"
EndProject
Project("{9A19103F-16F7-4668-BE54-9A1E7A4F7556}") = "ConsoleUI", "ConsoleUI\ConsoleUI.csproj", "{78F54B65-9156-4FF7-8DA0-1060BBCEB103}"
EndProject
Project("{FAE04EC0-301F-11D3-BF4B-00C04F79EFBC}") = "Core", "Core\Core.csproj", "{201A16D1-E0E4-436E-9410-17AB39B30C95}"
EndProject
Global
	GlobalSection(SolutionConfigurationPlatforms) = preSolution
		Debug|Any CPU = Debug|Any CPU
		Release|Any CPU = Release|Any CPU
	EndGlobalSection
	GlobalSection(ProjectConfigurationPlatforms) = postSolution
		{0149E4B9-CC50-42C5-BDDA-846ACE0FC77E}.Debug|Any CPU.ActiveCfg = Debug|Any CPU
		{0149E4B9-CC50-42C5-BDDA-846ACE0FC77E}.Debug|Any CPU.Build.0 = Debug|Any CPU
		{0149E4B9-CC50-42C5-BDDA-846ACE0FC77E}.Release|Any CPU.ActiveCfg = Release|Any CPU
		{0149E4B9-CC50-42C5-BDDA-846ACE0FC77E}.Release|Any CPU.Build.0 = Release|Any CPU
		{E2C6C79A-B438-4745-B49D-8CA5121DFC6B}.Debug|Any CPU.ActiveCfg = Debug|Any CPU
		{E2C6C79A-B438-4745-B49D-8CA5121DFC6B}.Debug|Any CPU.Build.0 = Debug|Any CPU
		{E2C6C79A-B438-4745-B49D-8CA5121DFC6B}.Release|Any CPU.ActiveCfg = Release|Any CPU
		{E2C6C79A-B438-4745-B49D-8CA5121DFC6B}.Release|Any CPU.Build.0 = Release|Any CPU
		{64285C7F-B1D2-4C58-9303-96668A0D4A0F}.Debug|Any CPU.ActiveCfg = Debug|Any CPU
		{64285C7F-B1D2-4C58-9303-96668A0D4A0F}.Debug|Any CPU.Build.0 = Debug|Any CPU
		{64285C7F-B1D2-4C58-9303-96668A0D4A0F}.Release|Any CPU.ActiveCfg = Release|Any CPU
		{64285C7F-B1D2-4C58-9303-96668A0D4A0F}.Release|Any CPU.Build.0 = Release|Any CPU
		{78F54B65-9156-4FF7-8DA0-1060BBCEB103}.Debug|Any CPU.ActiveCfg = Debug|Any CPU
		{78F54B65-9156-4FF7-8DA0-1060BBCEB103}.Debug|Any CPU.Build.0 = Debug|Any CPU
		{78F54B65-9156-4FF7-8DA0-1060BBCEB103}.Release|Any CPU.ActiveCfg = Release|Any CPU
		{78F54B65-9156-4FF7-8DA0-1060BBCEB103}.Release|Any CPU.Build.0 = Release|Any CPU
		{201A16D1-E0E4-436E-9410-17AB39B30C95}.Debug|Any CPU.ActiveCfg = Debug|Any CPU
		{201A16D1-E0E4-436E-9410-17AB39B30C95}.Debug|Any CPU.Build.0 = Debug|Any CPU
		{201A16D1-E0E4-436E-9410-17AB39B30C95}.Release|Any CPU.ActiveCfg = Release|Any CPU
		{201A16D1-E0E4-436E-9410-17AB39B30C95}.Release|Any CPU.Build.0 = Release|Any CPU
	EndGlobalSection
	GlobalSection(SolutionProperties) = preSolution
		HideSolutionNode = FALSE
	EndGlobalSection
	GlobalSection(ExtensibilityGlobals) = postSolution
		SolutionGuid = {615473D9-94E1-4D02-B7CA-F12C8C9BB3B1}
	EndGlobalSection
EndGlobal
